
Microsoft Visual Studio Solution File, Format Version 12.00
# Visual Studio Version 17
VisualStudioVersion = 17.12.35527.113
MinimumVisualStudioVersion = 10.0.40219.1
Project("{FAE04EC0-301F-11D3-BF4B-00C04F79EFBC}") = "Diary.Web", "Diary.Web\Diary.Web.csproj", "{DDBBA10E-31AB-4FFB-A256-12D1D5FFFDC0}"
EndProject
Project("{FAE04EC0-301F-11D3-BF4B-00C04F79EFBC}") = "Diary.Core", "Diary.Core\Diary.Core.csproj", "{3C11E4E8-2613-4329-8E3B-AD316EF1B029}"
EndProject
Project("{FAE04EC0-301F-11D3-BF4B-00C04F79EFBC}") = "Diary.Infrastructure", "Diary.Infrastructure\Diary.Infrastructure.csproj", "{272F822A-B1AE-4A9B-915A-3FD1D284285E}"
EndProject
Project("{FAE04EC0-301F-11D3-BF4B-00C04F79EFBC}") = "Diary.Application", "Diary.Application\Diary.Application.csproj", "{148CC5C0-C126-4AF5-8C8C-0E424FF41604}"
EndProject
Project("{FAE04EC0-301F-11D3-BF4B-00C04F79EFBC}") = "Diary.Tests", "Diary.Tests\Diary.Tests.csproj", "{D555DF2E-D499-42A5-B2C7-68624AF49AB9}"
EndProject
Global
	GlobalSection(SolutionConfigurationPlatforms) = preSolution
		Debug|Any CPU = Debug|Any CPU
		Release|Any CPU = Release|Any CPU
	EndGlobalSection
	GlobalSection(ProjectConfigurationPlatforms) = postSolution
		{DDBBA10E-31AB-4FFB-A256-12D1D5FFFDC0}.Debug|Any CPU.ActiveCfg = Debug|Any CPU
		{DDBBA10E-31AB-4FFB-A256-12D1D5FFFDC0}.Debug|Any CPU.Build.0 = Debug|Any CPU
		{DDBBA10E-31AB-4FFB-A256-12D1D5FFFDC0}.Release|Any CPU.ActiveCfg = Release|Any CPU
		{DDBBA10E-31AB-4FFB-A256-12D1D5FFFDC0}.Release|Any CPU.Build.0 = Release|Any CPU
		{3C11E4E8-2613-4329-8E3B-AD316EF1B029}.Debug|Any CPU.ActiveCfg = Debug|Any CPU
		{3C11E4E8-2613-4329-8E3B-AD316EF1B029}.Debug|Any CPU.Build.0 = Debug|Any CPU
		{3C11E4E8-2613-4329-8E3B-AD316EF1B029}.Release|Any CPU.ActiveCfg = Release|Any CPU
		{3C11E4E8-2613-4329-8E3B-AD316EF1B029}.Release|Any CPU.Build.0 = Release|Any CPU
		{272F822A-B1AE-4A9B-915A-3FD1D284285E}.Debug|Any CPU.ActiveCfg = Debug|Any CPU
		{272F822A-B1AE-4A9B-915A-3FD1D284285E}.Debug|Any CPU.Build.0 = Debug|Any CPU
		{272F822A-B1AE-4A9B-915A-3FD1D284285E}.Release|Any CPU.ActiveCfg = Release|Any CPU
		{272F822A-B1AE-4A9B-915A-3FD1D284285E}.Release|Any CPU.Build.0 = Release|Any CPU
		{148CC5C0-C126-4AF5-8C8C-0E424FF41604}.Debug|Any CPU.ActiveCfg = Debug|Any CPU
		{148CC5C0-C126-4AF5-8C8C-0E424FF41604}.Debug|Any CPU.Build.0 = Debug|Any CPU
		{148CC5C0-C126-4AF5-8C8C-0E424FF41604}.Release|Any CPU.ActiveCfg = Release|Any CPU
		{148CC5C0-C126-4AF5-8C8C-0E424FF41604}.Release|Any CPU.Build.0 = Release|Any CPU
		{D555DF2E-D499-42A5-B2C7-68624AF49AB9}.Debug|Any CPU.ActiveCfg = Debug|Any CPU
		{D555DF2E-D499-42A5-B2C7-68624AF49AB9}.Debug|Any CPU.Build.0 = Debug|Any CPU
		{D555DF2E-D499-42A5-B2C7-68624AF49AB9}.Release|Any CPU.ActiveCfg = Release|Any CPU
		{D555DF2E-D499-42A5-B2C7-68624AF49AB9}.Release|Any CPU.Build.0 = Release|Any CPU
	EndGlobalSection
	GlobalSection(SolutionProperties) = preSolution
		HideSolutionNode = FALSE
	EndGlobalSection
EndGlobal
